
Microsoft Visual Studio Solution File, Format Version 12.00
# Visual Studio Version 17
VisualStudioVersion = 17.14.36401.2 d17.14
MinimumVisualStudioVersion = 10.0.40219.1
Project("{FAE04EC0-301F-11D3-BF4B-00C04F79EFBC}") = "GF2projekt", "GF2projekt.csproj", "{C0A28C0B-63E9-49BC-9110-4F982BA94C70}"
EndProject
Global
	GlobalSection(SolutionConfigurationPlatforms) = preSolution
		Debug|Any CPU = Debug|Any CPU
		Release|Any CPU = Release|Any CPU
	EndGlobalSection
	GlobalSection(ProjectConfigurationPlatforms) = postSolution
		{C0A28C0B-63E9-49BC-9110-4F982BA94C70}.Debug|Any CPU.ActiveCfg = Debug|Any CPU
		{C0A28C0B-63E9-49BC-9110-4F982BA94C70}.Debug|Any CPU.Build.0 = Debug|Any CPU
		{C0A28C0B-63E9-49BC-9110-4F982BA94C70}.Release|Any CPU.ActiveCfg = Release|Any CPU
		{C0A28C0B-63E9-49BC-9110-4F982BA94C70}.Release|Any CPU.Build.0 = Release|Any CPU
	EndGlobalSection
	GlobalSection(SolutionProperties) = preSolution
		HideSolutionNode = FALSE
	EndGlobalSection
	GlobalSection(ExtensibilityGlobals) = postSolution
		SolutionGuid = {AD9B146F-686F-405A-999A-C181500FCF47}
	EndGlobalSection
EndGlobal
